
Microsoft Visual Studio Solution File, Format Version 12.00
Project("{FAE04EC0-301F-11D3-BF4B-00C04F79EFBC}") = "monogame", "monogame.csproj", "{2961B863-77E2-40CC-B7FC-B6F80A6D3F3B}"
EndProject
Global
	GlobalSection(SolutionConfigurationPlatforms) = preSolution
		Debug|Any CPU = Debug|Any CPU
		Release|Any CPU = Release|Any CPU
	EndGlobalSection
	GlobalSection(ProjectConfigurationPlatforms) = postSolution
		{2961B863-77E2-40CC-B7FC-B6F80A6D3F3B}.Debug|Any CPU.ActiveCfg = Debug|Any CPU
		{2961B863-77E2-40CC-B7FC-B6F80A6D3F3B}.Debug|Any CPU.Build.0 = Debug|Any CPU
		{2961B863-77E2-40CC-B7FC-B6F80A6D3F3B}.Release|Any CPU.ActiveCfg = Release|Any CPU
		{2961B863-77E2-40CC-B7FC-B6F80A6D3F3B}.Release|Any CPU.Build.0 = Release|Any CPU
	EndGlobalSection
EndGlobal
